
Microsoft Visual Studio Solution File, Format Version 12.00
# Visual Studio Version 17
VisualStudioVersion = 17.0.31903.59
MinimumVisualStudioVersion = 10.0.40219.1
Project("{2150E333-8FDC-42A3-9474-1A3956D46DE8}") = "src", "src", "{17945B3C-5A4C-4279-8022-65ABC606A510}"
EndProject
Project("{2150E333-8FDC-42A3-9474-1A3956D46DE8}") = "tests", "tests", "{3441EE1D-E3C6-45BE-A020-553816015081}"
EndProject
Project("{9A19103F-16F7-4668-BE54-9A1E7A4F7556}") = "Vote.Monitor.Api", "src\Vote.Monitor.Api\Vote.Monitor.Api.csproj", "{19D10640-1246-4453-8028-DF611ED778E8}"
EndProject
Project("{9A19103F-16F7-4668-BE54-9A1E7A4F7556}") = "Vote.Monitor.Core", "src\Vote.Monitor.Core\Vote.Monitor.Core.csproj", "{11EC9157-AF6A-45AD-B704-0D4BD5B400F9}"
EndProject
Project("{9A19103F-16F7-4668-BE54-9A1E7A4F7556}") = "Vote.Monitor.Infra", "src\Vote.Monitor.Infra\Vote.Monitor.Infra.csproj", "{1E056D93-D777-4C78-B455-32318C4FFFDC}"
EndProject
Project("{2150E333-8FDC-42A3-9474-1A3956D46DE8}") = "Solution Items", "Solution Items", "{17080495-0185-48C4-B5C1-9010C9CF7735}"
	ProjectSection(SolutionItems) = preProject
		.editorconfig = .editorconfig
		README.md = README.md
	EndProjectSection
EndProject
Project("{9A19103F-16F7-4668-BE54-9A1E7A4F7556}") = "Vote.Monitor.Feature.Example.IntegrationTests", "tests\Vote.Monitor.Feature.Example.IntegrationTests\Vote.Monitor.Feature.Example.IntegrationTests.csproj", "{9345AE12-29B8-4B5F-8FA6-F6557B181F2E}"
EndProject
Project("{9A19103F-16F7-4668-BE54-9A1E7A4F7556}") = "Vote.Monitor.Feature.Example.UnitTests", "tests\Vote.Monitor.Feature.Example.UnitTests\Vote.Monitor.Feature.Example.UnitTests.csproj", "{591F5680-8AFE-4DEC-B1BA-956D034648F3}"
EndProject
Project("{9A19103F-16F7-4668-BE54-9A1E7A4F7556}") = "Vote.Monitor.Feature.Example", "src\Vote.Monitor.Feature.Example\Vote.Monitor.Feature.Example.csproj", "{51D3D30A-DEC4-496B-AF68-95315555ACB9}"
EndProject
Project("{9A19103F-16F7-4668-BE54-9A1E7A4F7556}") = "Vote.Monitor.Auth", "src\Vote.Monitor.Auth\Vote.Monitor.Auth.csproj", "{ED9DFA8D-2306-4727-96CD-07DC056363D2}"
EndProject
Project("{9A19103F-16F7-4668-BE54-9A1E7A4F7556}") = "Vote.Monitor.Domain", "src\Vote.Monitor.Domain\Vote.Monitor.Domain.csproj", "{1B98DBBD-72CC-4D23-BAEB-996D22E431A1}"
EndProject
Project("{9A19103F-16F7-4668-BE54-9A1E7A4F7556}") = "Vote.Monitor.ElectionRound.Domain", "src\Vote.Monitor.ElectionRound.Domain\Vote.Monitor.ElectionRound.Domain.csproj", "{0F8A67A5-6C3C-41C8-BB5F-A86670C50FDE}"
EndProject
Project("{9A19103F-16F7-4668-BE54-9A1E7A4F7556}") = "Vote.Monitor.Policies", "src\Vote.Monitor.Policies\Vote.Monitor.Policies.csproj", "{EA621104-C36F-4848-9798-BFB0A5704CB9}"
EndProject
Project("{9A19103F-16F7-4668-BE54-9A1E7A4F7556}") = "Vote.Monitor.CSO", "src\Vote.Monitor.CSO\Vote.Monitor.CSO.csproj", "{6E1D399A-384D-4880-BD06-68C28C3B72D6}"
EndProject
Project("{9A19103F-16F7-4668-BE54-9A1E7A4F7556}") = "Vote.Monitor.CSOAdmin", "src\Vote.Monitor.CSOAdmin\Vote.Monitor.CSOAdmin.csproj", "{D23F8DE4-BD09-40F6-83CD-0B9A2E17FC91}"
EndProject
Global
	GlobalSection(SolutionConfigurationPlatforms) = preSolution
		Debug|Any CPU = Debug|Any CPU
		Release|Any CPU = Release|Any CPU
	EndGlobalSection
	GlobalSection(ProjectConfigurationPlatforms) = postSolution
		{19D10640-1246-4453-8028-DF611ED778E8}.Debug|Any CPU.ActiveCfg = Debug|Any CPU
		{19D10640-1246-4453-8028-DF611ED778E8}.Debug|Any CPU.Build.0 = Debug|Any CPU
		{19D10640-1246-4453-8028-DF611ED778E8}.Release|Any CPU.ActiveCfg = Release|Any CPU
		{19D10640-1246-4453-8028-DF611ED778E8}.Release|Any CPU.Build.0 = Release|Any CPU
		{11EC9157-AF6A-45AD-B704-0D4BD5B400F9}.Debug|Any CPU.ActiveCfg = Debug|Any CPU
		{11EC9157-AF6A-45AD-B704-0D4BD5B400F9}.Debug|Any CPU.Build.0 = Debug|Any CPU
		{11EC9157-AF6A-45AD-B704-0D4BD5B400F9}.Release|Any CPU.ActiveCfg = Release|Any CPU
		{11EC9157-AF6A-45AD-B704-0D4BD5B400F9}.Release|Any CPU.Build.0 = Release|Any CPU
		{1E056D93-D777-4C78-B455-32318C4FFFDC}.Debug|Any CPU.ActiveCfg = Debug|Any CPU
		{1E056D93-D777-4C78-B455-32318C4FFFDC}.Debug|Any CPU.Build.0 = Debug|Any CPU
		{1E056D93-D777-4C78-B455-32318C4FFFDC}.Release|Any CPU.ActiveCfg = Release|Any CPU
		{1E056D93-D777-4C78-B455-32318C4FFFDC}.Release|Any CPU.Build.0 = Release|Any CPU
		{9345AE12-29B8-4B5F-8FA6-F6557B181F2E}.Debug|Any CPU.ActiveCfg = Debug|Any CPU
		{9345AE12-29B8-4B5F-8FA6-F6557B181F2E}.Debug|Any CPU.Build.0 = Debug|Any CPU
		{9345AE12-29B8-4B5F-8FA6-F6557B181F2E}.Release|Any CPU.ActiveCfg = Release|Any CPU
		{9345AE12-29B8-4B5F-8FA6-F6557B181F2E}.Release|Any CPU.Build.0 = Release|Any CPU
		{591F5680-8AFE-4DEC-B1BA-956D034648F3}.Debug|Any CPU.ActiveCfg = Debug|Any CPU
		{591F5680-8AFE-4DEC-B1BA-956D034648F3}.Debug|Any CPU.Build.0 = Debug|Any CPU
		{591F5680-8AFE-4DEC-B1BA-956D034648F3}.Release|Any CPU.ActiveCfg = Release|Any CPU
		{591F5680-8AFE-4DEC-B1BA-956D034648F3}.Release|Any CPU.Build.0 = Release|Any CPU
		{51D3D30A-DEC4-496B-AF68-95315555ACB9}.Debug|Any CPU.ActiveCfg = Debug|Any CPU
		{51D3D30A-DEC4-496B-AF68-95315555ACB9}.Debug|Any CPU.Build.0 = Debug|Any CPU
		{51D3D30A-DEC4-496B-AF68-95315555ACB9}.Release|Any CPU.ActiveCfg = Release|Any CPU
		{51D3D30A-DEC4-496B-AF68-95315555ACB9}.Release|Any CPU.Build.0 = Release|Any CPU
		{ED9DFA8D-2306-4727-96CD-07DC056363D2}.Debug|Any CPU.ActiveCfg = Debug|Any CPU
		{ED9DFA8D-2306-4727-96CD-07DC056363D2}.Debug|Any CPU.Build.0 = Debug|Any CPU
		{ED9DFA8D-2306-4727-96CD-07DC056363D2}.Release|Any CPU.ActiveCfg = Release|Any CPU
		{ED9DFA8D-2306-4727-96CD-07DC056363D2}.Release|Any CPU.Build.0 = Release|Any CPU
		{1B98DBBD-72CC-4D23-BAEB-996D22E431A1}.Debug|Any CPU.ActiveCfg = Debug|Any CPU
		{1B98DBBD-72CC-4D23-BAEB-996D22E431A1}.Debug|Any CPU.Build.0 = Debug|Any CPU
		{1B98DBBD-72CC-4D23-BAEB-996D22E431A1}.Release|Any CPU.ActiveCfg = Release|Any CPU
		{1B98DBBD-72CC-4D23-BAEB-996D22E431A1}.Release|Any CPU.Build.0 = Release|Any CPU
		{0F8A67A5-6C3C-41C8-BB5F-A86670C50FDE}.Debug|Any CPU.ActiveCfg = Debug|Any CPU
		{0F8A67A5-6C3C-41C8-BB5F-A86670C50FDE}.Debug|Any CPU.Build.0 = Debug|Any CPU
		{0F8A67A5-6C3C-41C8-BB5F-A86670C50FDE}.Release|Any CPU.ActiveCfg = Release|Any CPU
		{0F8A67A5-6C3C-41C8-BB5F-A86670C50FDE}.Release|Any CPU.Build.0 = Release|Any CPU
		{EA621104-C36F-4848-9798-BFB0A5704CB9}.Debug|Any CPU.ActiveCfg = Debug|Any CPU
		{EA621104-C36F-4848-9798-BFB0A5704CB9}.Debug|Any CPU.Build.0 = Debug|Any CPU
		{EA621104-C36F-4848-9798-BFB0A5704CB9}.Release|Any CPU.ActiveCfg = Release|Any CPU
		{EA621104-C36F-4848-9798-BFB0A5704CB9}.Release|Any CPU.Build.0 = Release|Any CPU
		{6E1D399A-384D-4880-BD06-68C28C3B72D6}.Debug|Any CPU.ActiveCfg = Debug|Any CPU
		{6E1D399A-384D-4880-BD06-68C28C3B72D6}.Debug|Any CPU.Build.0 = Debug|Any CPU
		{6E1D399A-384D-4880-BD06-68C28C3B72D6}.Release|Any CPU.ActiveCfg = Release|Any CPU
		{6E1D399A-384D-4880-BD06-68C28C3B72D6}.Release|Any CPU.Build.0 = Release|Any CPU
		{D23F8DE4-BD09-40F6-83CD-0B9A2E17FC91}.Debug|Any CPU.ActiveCfg = Debug|Any CPU
		{D23F8DE4-BD09-40F6-83CD-0B9A2E17FC91}.Debug|Any CPU.Build.0 = Debug|Any CPU
		{D23F8DE4-BD09-40F6-83CD-0B9A2E17FC91}.Release|Any CPU.ActiveCfg = Release|Any CPU
		{D23F8DE4-BD09-40F6-83CD-0B9A2E17FC91}.Release|Any CPU.Build.0 = Release|Any CPU
	EndGlobalSection
	GlobalSection(SolutionProperties) = preSolution
		HideSolutionNode = FALSE
	EndGlobalSection
	GlobalSection(NestedProjects) = preSolution
		{19D10640-1246-4453-8028-DF611ED778E8} = {17945B3C-5A4C-4279-8022-65ABC606A510}
		{11EC9157-AF6A-45AD-B704-0D4BD5B400F9} = {17945B3C-5A4C-4279-8022-65ABC606A510}
		{1E056D93-D777-4C78-B455-32318C4FFFDC} = {17945B3C-5A4C-4279-8022-65ABC606A510}
		{9345AE12-29B8-4B5F-8FA6-F6557B181F2E} = {3441EE1D-E3C6-45BE-A020-553816015081}
		{591F5680-8AFE-4DEC-B1BA-956D034648F3} = {3441EE1D-E3C6-45BE-A020-553816015081}
		{51D3D30A-DEC4-496B-AF68-95315555ACB9} = {17945B3C-5A4C-4279-8022-65ABC606A510}
		{ED9DFA8D-2306-4727-96CD-07DC056363D2} = {17945B3C-5A4C-4279-8022-65ABC606A510}
		{1B98DBBD-72CC-4D23-BAEB-996D22E431A1} = {17945B3C-5A4C-4279-8022-65ABC606A510}
		{0F8A67A5-6C3C-41C8-BB5F-A86670C50FDE} = {17945B3C-5A4C-4279-8022-65ABC606A510}
		{EA621104-C36F-4848-9798-BFB0A5704CB9} = {17945B3C-5A4C-4279-8022-65ABC606A510}
		{6E1D399A-384D-4880-BD06-68C28C3B72D6} = {17945B3C-5A4C-4279-8022-65ABC606A510}
		{D23F8DE4-BD09-40F6-83CD-0B9A2E17FC91} = {17945B3C-5A4C-4279-8022-65ABC606A510}
	EndGlobalSection
	GlobalSection(ExtensibilityGlobals) = postSolution
		SolutionGuid = {50C20C9F-F2AF-45D8-994A-06661772B31C}
	EndGlobalSection
EndGlobal
