
Microsoft Visual Studio Solution File, Format Version 12.00
# Visual Studio Version 17
VisualStudioVersion = 17.0.31903.59
MinimumVisualStudioVersion = 10.0.40219.1
Project("{2150E333-8FDC-42A3-9474-1A3956D46DE8}") = "src", "src", "{17945B3C-5A4C-4279-8022-65ABC606A510}"
EndProject
Project("{2150E333-8FDC-42A3-9474-1A3956D46DE8}") = "tests", "tests", "{3441EE1D-E3C6-45BE-A020-553816015081}"
EndProject
Project("{9A19103F-16F7-4668-BE54-9A1E7A4F7556}") = "Vote.Monitor.Api", "src\Vote.Monitor.Api\Vote.Monitor.Api.csproj", "{19D10640-1246-4453-8028-DF611ED778E8}"
EndProject
Project("{9A19103F-16F7-4668-BE54-9A1E7A4F7556}") = "Vote.Monitor.Core", "src\Vote.Monitor.Core\Vote.Monitor.Core.csproj", "{11EC9157-AF6A-45AD-B704-0D4BD5B400F9}"
EndProject
Project("{2150E333-8FDC-42A3-9474-1A3956D46DE8}") = "Solution Items", "Solution Items", "{17080495-0185-48C4-B5C1-9010C9CF7735}"
	ProjectSection(SolutionItems) = preProject
		.editorconfig = .editorconfig
		docker-compose.yaml = docker-compose.yaml
		README.md = README.md
	EndProjectSection
EndProject
Project("{9A19103F-16F7-4668-BE54-9A1E7A4F7556}") = "Vote.Monitor.Domain", "src\Vote.Monitor.Domain\Vote.Monitor.Domain.csproj", "{1B98DBBD-72CC-4D23-BAEB-996D22E431A1}"
EndProject
Project("{9A19103F-16F7-4668-BE54-9A1E7A4F7556}") = "Vote.Monitor.Api.Authorization.Policies", "src\Vote.Monitor.Api.Authorization.Policies\Vote.Monitor.Api.Authorization.Policies.csproj", "{C0D1C49C-8595-4698-854B-7A42EA69124D}"
EndProject
Project("{9A19103F-16F7-4668-BE54-9A1E7A4F7556}") = "Vote.Monitor.Api.Feature.Auth", "src\Vote.Monitor.Api.Feature.Auth\Vote.Monitor.Api.Feature.Auth.csproj", "{C6871F49-3C12-4461-B4A0-598EFD51D75D}"
EndProject
Project("{9A19103F-16F7-4668-BE54-9A1E7A4F7556}") = "Vote.Monitor.Api.Feature.Ngo", "src\Vote.Monitor.Api.Feature.Ngo\Vote.Monitor.Api.Feature.Ngo.csproj", "{5A17BFD7-C13C-48E6-A04C-D20B049268DD}"
EndProject
Project("{9A19103F-16F7-4668-BE54-9A1E7A4F7556}") = "Vote.Monitor.Api.Feature.NgoAdmin", "src\Vote.Monitor.Api.Feature.NgoAdmin\Vote.Monitor.Api.Feature.NgoAdmin.csproj", "{43821974-5992-471F-8374-6F68109FF6E3}"
EndProject
Project("{9A19103F-16F7-4668-BE54-9A1E7A4F7556}") = "Vote.Monitor.Api.Feature.ElectionRound", "src\Vote.Monitor.Api.Feature.ElectionRound\Vote.Monitor.Api.Feature.ElectionRound.csproj", "{76C3755C-6509-4215-8520-6475A9250B4C}"
EndProject
Project("{9A19103F-16F7-4668-BE54-9A1E7A4F7556}") = "Vote.Monitor.Api.Feature.Observer", "src\Vote.Monitor.Api.Feature.Observer\Vote.Monitor.Api.Feature.Observer.csproj", "{9D328132-7F55-4444-9B25-F3F8529D4E34}"
EndProject
Project("{9A19103F-16F7-4668-BE54-9A1E7A4F7556}") = "Vote.Monitor.Api.Feature.Country", "src\Vote.Monitor.Api.Feature.Country\Vote.Monitor.Api.Feature.Country.csproj", "{9D19DBEA-7447-4C46-AAFD-E25D64784469}"
EndProject
Project("{9A19103F-16F7-4668-BE54-9A1E7A4F7556}") = "Vote.Monitor.Api.IntegrationTests", "tests\Vote.Monitor.Api.IntegrationTests\Vote.Monitor.Api.IntegrationTests.csproj", "{91738C86-9A9D-44D9-86C0-67C7CF43FB0D}"
EndProject
Project("{9A19103F-16F7-4668-BE54-9A1E7A4F7556}") = "Vote.Monitor.Api.Feature.PollingStation.UnitTests", "tests\Vote.Monitor.Api.Feature.PollingStation.UnitTests\Vote.Monitor.Api.Feature.PollingStation.UnitTests.csproj", "{272F6196-AB33-461D-8E12-FB1260D6D4C0}"
EndProject
Project("{9A19103F-16F7-4668-BE54-9A1E7A4F7556}") = "Vote.Monitor.Api.Feature.Observer.UnitTests", "tests\Vote.Monitor.Api.Feature.Observer.UnitTests\Vote.Monitor.Api.Feature.Observer.UnitTests.csproj", "{F2F0F834-34D8-4609-8306-9C09AF9F773D}"
EndProject
Project("{9A19103F-16F7-4668-BE54-9A1E7A4F7556}") = "Vote.Monitor.Api.Feature.Language", "src\Vote.Monitor.Api.Feature.Language\Vote.Monitor.Api.Feature.Language.csproj", "{6E76FA49-5CD3-4C64-B7A8-6BA859EB29A2}"
EndProject
Project("{9A19103F-16F7-4668-BE54-9A1E7A4F7556}") = "Vote.Monitor.Domain.UnitTests", "tests\Vote.Monitor.Domain.UnitTests\Vote.Monitor.Domain.UnitTests.csproj", "{8B2B7748-4AE3-4B88-BB2C-2E185060C617}"
EndProject
Project("{9A19103F-16F7-4668-BE54-9A1E7A4F7556}") = "Vote.Monitor.TestUtils", "tests\Vote.Monitor.TestUtils\Vote.Monitor.TestUtils.csproj", "{60704C93-C08E-448C-8179-45D075AD76E8}"
EndProject
Project("{9A19103F-16F7-4668-BE54-9A1E7A4F7556}") = "Vote.Monitor.Api.Feature.Ngo.UnitTests", "tests\Vote.Monitor.Api.Feature.Ngo.UnitTests\Vote.Monitor.Api.Feature.Ngo.UnitTests.csproj", "{A8A81B88-EB7D-47F3-9D76-25DF1C3B9EA2}"
EndProject
Project("{9A19103F-16F7-4668-BE54-9A1E7A4F7556}") = "Vote.Monitor.Api.Feature.ElectionRound.UnitTests", "tests\Vote.Monitor.Api.Feature.ElectionRound.UnitTests\Vote.Monitor.Api.Feature.ElectionRound.UnitTests.csproj", "{ABECD575-6B9F-48DE-97CA-0E962259CA10}"
EndProject
Project("{9A19103F-16F7-4668-BE54-9A1E7A4F7556}") = "Vote.Monitor.Api.Feature.Monitoring", "src\Vote.Monitor.Api.Feature.Monitoring\Vote.Monitor.Api.Feature.Monitoring.csproj", "{37E75B1E-5D9D-4C8B-B87F-03E629FAE30B}"
EndProject
Project("{9A19103F-16F7-4668-BE54-9A1E7A4F7556}") = "Vote.Monitor.Api.Feature.Monitoring.UnitTests", "tests\Vote.Monitor.Api.Feature.Monitoring.UnitTests\Vote.Monitor.Api.Feature.Monitoring.UnitTests.csproj", "{A1CD7BD9-A7A6-44D9-838F-210D437582A8}"
EndProject
Project("{9A19103F-16F7-4668-BE54-9A1E7A4F7556}") = "Vote.Monitor.Api.Feature.UserPreferences", "src\Vote.Monitor.Api.Feature.UserPreferences\Vote.Monitor.Api.Feature.UserPreferences.csproj", "{60EA51FE-1118-485E-9500-43B5A97B763B}"
EndProject
Project("{9A19103F-16F7-4668-BE54-9A1E7A4F7556}") = "Vote.Monitor.Api.Feature.UserPreferences.UnitTests", "tests\Vote.Monitor.Api.Feature.UserPreferences.UnitTests\Vote.Monitor.Api.Feature.UserPreferences.UnitTests.csproj", "{D582065C-5A1F-4214-B3EF-94C83A84176C}"
EndProject
Project("{9A19103F-16F7-4668-BE54-9A1E7A4F7556}") = "Vote.Monitor.Api.Feature.PollingStation", "src\Vote.Monitor.Api.Feature.PollingStation\Vote.Monitor.Api.Feature.PollingStation.csproj", "{E80EA093-4BFC-4C89-A17F-A6ACB0A6C1D1}"
EndProject
Project("{9A19103F-16F7-4668-BE54-9A1E7A4F7556}") = "Vote.Monitor.Api.Feature.FormTemplate", "src\Vote.Monitor.Api.Feature.FormTemplate\Vote.Monitor.Api.Feature.FormTemplate.csproj", "{0321A760-1AD8-486E-A3B0-DC2F090C75A0}"
EndProject
Project("{9A19103F-16F7-4668-BE54-9A1E7A4F7556}") = "Vote.Monitor.Api.Feature.FormTemplate.UnitTests", "tests\Vote.Monitor.Api.Feature.FormTemplate.UnitTests\Vote.Monitor.Api.Feature.FormTemplate.UnitTests.csproj", "{E16183F8-7602-4995-AE99-24C19271A75B}"
EndProject
Project("{9A19103F-16F7-4668-BE54-9A1E7A4F7556}") = "Vote.Monitor.Api.Feature.PollingStation.Attachments", "src\Vote.Monitor.Api.Feature.PollingStation.Attachments\Vote.Monitor.Api.Feature.PollingStation.Attachments.csproj", "{A6F95F72-F3DC-4F65-BCDE-69C07BAB533D}"
EndProject
Project("{9A19103F-16F7-4668-BE54-9A1E7A4F7556}") = "Vote.Monitor.Api.Feature.PollingStation.Notes", "src\Vote.Monitor.Api.Feature.PollingStation.Notes\Vote.Monitor.Api.Feature.PollingStation.Notes.csproj", "{0DD63E43-DB5B-4C36-A887-C5A09C77A136}"
EndProject
Project("{9A19103F-16F7-4668-BE54-9A1E7A4F7556}") = "Vote.Monitor.Api.Feature.PollingStation.Notes.UnitTests", "tests\Vote.Monitor.Api.Feature.PollingStation.Notes.UnitTests\Vote.Monitor.Api.Feature.PollingStation.Notes.UnitTests.csproj", "{12169A76-ABAC-4A91-9B35-268667469008}"
EndProject
Project("{9A19103F-16F7-4668-BE54-9A1E7A4F7556}") = "Vote.Monitor.Api.Feature.PollingStation.Attachments.UnitTests", "tests\Vote.Monitor.Api.Feature.PollingStation.Attachments.UnitTests\Vote.Monitor.Api.Feature.PollingStation.Attachments.UnitTests.csproj", "{22A13BA9-CFA0-4B0A-8680-0145228CCEB9}"
EndProject
Project("{9A19103F-16F7-4668-BE54-9A1E7A4F7556}") = "Vote.Monitor.Api.Feature.Notifications", "src\Vote.Monitor.Api.Feature.Notifications\Vote.Monitor.Api.Feature.Notifications.csproj", "{CEE96E21-9E8A-4C0C-B1B5-3DDC1F1C56A8}"
EndProject
Project("{9A19103F-16F7-4668-BE54-9A1E7A4F7556}") = "Vote.Monitor.Api.Feature.Notifications.UnitTests", "tests\Vote.Monitor.Api.Feature.Notifications.UnitTests\Vote.Monitor.Api.Feature.Notifications.UnitTests.csproj", "{47833990-9B9F-4262-9E7A-290D2FAECE43}"
EndProject
Project("{9A19103F-16F7-4668-BE54-9A1E7A4F7556}") = "Vote.Monitor.Api.Feature.Answers.Attachments", "src\Vote.Monitor.Api.Feature.Answers.Attachments\Vote.Monitor.Api.Feature.Answers.Attachments.csproj", "{F19EFB79-51DF-4D36-9014-F58FB39AC949}"
EndProject
Project("{9A19103F-16F7-4668-BE54-9A1E7A4F7556}") = "Vote.Monitor.Api.Feature.Answers.Notes", "src\Vote.Monitor.Api.Feature.Answers.Notes\Vote.Monitor.Api.Feature.Answers.Notes.csproj", "{C3DD5A55-A7DE-48F9-9182-7D6E3473A5B3}"
EndProject
Project("{9A19103F-16F7-4668-BE54-9A1E7A4F7556}") = "Vote.Monitor.Api.Feature.PollingStation.Information", "src\Vote.Monitor.Api.Feature.PollingStation.Information\Vote.Monitor.Api.Feature.PollingStation.Information.csproj", "{63CFF9CB-B1A6-4A15-B140-273BC40A15B7}"
EndProject
Project("{9A19103F-16F7-4668-BE54-9A1E7A4F7556}") = "Vote.Monitor.Api.Feature.Emergencies", "src\Vote.Monitor.Api.Feature.Emergencies\Vote.Monitor.Api.Feature.Emergencies.csproj", "{126C57B3-7353-458C-B236-60EC784ED1D5}"
EndProject
Project("{9A19103F-16F7-4668-BE54-9A1E7A4F7556}") = "Vote.Monitor.Api.Feature.PollingStation.Information.UnitTests", "tests\Vote.Monitor.Api.Feature.PollingStation.Information.UnitTests\Vote.Monitor.Api.Feature.PollingStation.Information.UnitTests.csproj", "{35C1F026-3205-43D0-A859-74985C54CE26}"
EndProject
Project("{9A19103F-16F7-4668-BE54-9A1E7A4F7556}") = "Vote.Monitor.Api.Feature.Emergencies.Attachments", "src\Vote.Monitor.Api.Feature.Emergencies.Attachments\Vote.Monitor.Api.Feature.Emergencies.Attachments.csproj", "{02284315-900C-4DFD-B12D-DA3161277F32}"
EndProject
Project("{9A19103F-16F7-4668-BE54-9A1E7A4F7556}") = "Vote.Monitor.Api.Feature.Form", "src\Vote.Monitor.Api.Feature.Form\Vote.Monitor.Api.Feature.Form.csproj", "{AEF250A9-2105-408D-99F3-AFDEF374EC5C}"
EndProject
Project("{9A19103F-16F7-4668-BE54-9A1E7A4F7556}") = "Vote.Monitor.Api.Feature.PollingStation.InformationForm", "src\Vote.Monitor.Api.Feature.PollingStation.InformationForm\Vote.Monitor.Api.Feature.PollingStation.InformationForm.csproj", "{46DD5C48-94FB-44F9-8C20-037313D86C95}"
EndProject
Project("{FAE04EC0-301F-11D3-BF4B-00C04F79EFBC}") = "Vote.Monitor.Form.Module", "src\Vote.Monitor.Form.Module\Vote.Monitor.Form.Module.csproj", "{5525ED0D-9098-4D43-918D-D810A148C2A7}"
EndProject
Project("{9A19103F-16F7-4668-BE54-9A1E7A4F7556}") = "Vote.Monitor.Form.Module.UnitTests", "tests\Vote.Monitor.Form.Module.UnitTests\Vote.Monitor.Form.Module.UnitTests.csproj", "{819E51B2-F24C-4E0B-AD50-72A0DED131E6}"
EndProject
Project("{9A19103F-16F7-4668-BE54-9A1E7A4F7556}") = "Vote.Monitor.Answer.Module", "src\Vote.Monitor.Answer.Module\Vote.Monitor.Answer.Module.csproj", "{EEDAA138-9CEB-4F7B-82F3-0B3E6676523D}"
EndProject
Global
	GlobalSection(SolutionConfigurationPlatforms) = preSolution
		Debug|Any CPU = Debug|Any CPU
		Release|Any CPU = Release|Any CPU
	EndGlobalSection
	GlobalSection(ProjectConfigurationPlatforms) = postSolution
		{19D10640-1246-4453-8028-DF611ED778E8}.Debug|Any CPU.ActiveCfg = Debug|Any CPU
		{19D10640-1246-4453-8028-DF611ED778E8}.Debug|Any CPU.Build.0 = Debug|Any CPU
		{19D10640-1246-4453-8028-DF611ED778E8}.Release|Any CPU.ActiveCfg = Release|Any CPU
		{19D10640-1246-4453-8028-DF611ED778E8}.Release|Any CPU.Build.0 = Release|Any CPU
		{11EC9157-AF6A-45AD-B704-0D4BD5B400F9}.Debug|Any CPU.ActiveCfg = Debug|Any CPU
		{11EC9157-AF6A-45AD-B704-0D4BD5B400F9}.Debug|Any CPU.Build.0 = Debug|Any CPU
		{11EC9157-AF6A-45AD-B704-0D4BD5B400F9}.Release|Any CPU.ActiveCfg = Release|Any CPU
		{11EC9157-AF6A-45AD-B704-0D4BD5B400F9}.Release|Any CPU.Build.0 = Release|Any CPU
		{1B98DBBD-72CC-4D23-BAEB-996D22E431A1}.Debug|Any CPU.ActiveCfg = Debug|Any CPU
		{1B98DBBD-72CC-4D23-BAEB-996D22E431A1}.Debug|Any CPU.Build.0 = Debug|Any CPU
		{1B98DBBD-72CC-4D23-BAEB-996D22E431A1}.Release|Any CPU.ActiveCfg = Release|Any CPU
		{1B98DBBD-72CC-4D23-BAEB-996D22E431A1}.Release|Any CPU.Build.0 = Release|Any CPU
		{C0D1C49C-8595-4698-854B-7A42EA69124D}.Debug|Any CPU.ActiveCfg = Debug|Any CPU
		{C0D1C49C-8595-4698-854B-7A42EA69124D}.Debug|Any CPU.Build.0 = Debug|Any CPU
		{C0D1C49C-8595-4698-854B-7A42EA69124D}.Release|Any CPU.ActiveCfg = Release|Any CPU
		{C0D1C49C-8595-4698-854B-7A42EA69124D}.Release|Any CPU.Build.0 = Release|Any CPU
		{C6871F49-3C12-4461-B4A0-598EFD51D75D}.Debug|Any CPU.ActiveCfg = Debug|Any CPU
		{C6871F49-3C12-4461-B4A0-598EFD51D75D}.Debug|Any CPU.Build.0 = Debug|Any CPU
		{C6871F49-3C12-4461-B4A0-598EFD51D75D}.Release|Any CPU.ActiveCfg = Release|Any CPU
		{C6871F49-3C12-4461-B4A0-598EFD51D75D}.Release|Any CPU.Build.0 = Release|Any CPU
		{5A17BFD7-C13C-48E6-A04C-D20B049268DD}.Debug|Any CPU.ActiveCfg = Debug|Any CPU
		{5A17BFD7-C13C-48E6-A04C-D20B049268DD}.Debug|Any CPU.Build.0 = Debug|Any CPU
		{5A17BFD7-C13C-48E6-A04C-D20B049268DD}.Release|Any CPU.ActiveCfg = Release|Any CPU
		{5A17BFD7-C13C-48E6-A04C-D20B049268DD}.Release|Any CPU.Build.0 = Release|Any CPU
		{43821974-5992-471F-8374-6F68109FF6E3}.Debug|Any CPU.ActiveCfg = Debug|Any CPU
		{43821974-5992-471F-8374-6F68109FF6E3}.Debug|Any CPU.Build.0 = Debug|Any CPU
		{43821974-5992-471F-8374-6F68109FF6E3}.Release|Any CPU.ActiveCfg = Release|Any CPU
		{43821974-5992-471F-8374-6F68109FF6E3}.Release|Any CPU.Build.0 = Release|Any CPU
		{76C3755C-6509-4215-8520-6475A9250B4C}.Debug|Any CPU.ActiveCfg = Debug|Any CPU
		{76C3755C-6509-4215-8520-6475A9250B4C}.Debug|Any CPU.Build.0 = Debug|Any CPU
		{76C3755C-6509-4215-8520-6475A9250B4C}.Release|Any CPU.ActiveCfg = Release|Any CPU
		{76C3755C-6509-4215-8520-6475A9250B4C}.Release|Any CPU.Build.0 = Release|Any CPU
		{9D328132-7F55-4444-9B25-F3F8529D4E34}.Debug|Any CPU.ActiveCfg = Debug|Any CPU
		{9D328132-7F55-4444-9B25-F3F8529D4E34}.Debug|Any CPU.Build.0 = Debug|Any CPU
		{9D328132-7F55-4444-9B25-F3F8529D4E34}.Release|Any CPU.ActiveCfg = Release|Any CPU
		{9D328132-7F55-4444-9B25-F3F8529D4E34}.Release|Any CPU.Build.0 = Release|Any CPU
		{9D19DBEA-7447-4C46-AAFD-E25D64784469}.Debug|Any CPU.ActiveCfg = Debug|Any CPU
		{9D19DBEA-7447-4C46-AAFD-E25D64784469}.Debug|Any CPU.Build.0 = Debug|Any CPU
		{9D19DBEA-7447-4C46-AAFD-E25D64784469}.Release|Any CPU.ActiveCfg = Release|Any CPU
		{9D19DBEA-7447-4C46-AAFD-E25D64784469}.Release|Any CPU.Build.0 = Release|Any CPU
		{91738C86-9A9D-44D9-86C0-67C7CF43FB0D}.Debug|Any CPU.ActiveCfg = Debug|Any CPU
		{91738C86-9A9D-44D9-86C0-67C7CF43FB0D}.Debug|Any CPU.Build.0 = Debug|Any CPU
		{91738C86-9A9D-44D9-86C0-67C7CF43FB0D}.Release|Any CPU.ActiveCfg = Release|Any CPU
		{91738C86-9A9D-44D9-86C0-67C7CF43FB0D}.Release|Any CPU.Build.0 = Release|Any CPU
		{272F6196-AB33-461D-8E12-FB1260D6D4C0}.Debug|Any CPU.ActiveCfg = Debug|Any CPU
		{272F6196-AB33-461D-8E12-FB1260D6D4C0}.Debug|Any CPU.Build.0 = Debug|Any CPU
		{272F6196-AB33-461D-8E12-FB1260D6D4C0}.Release|Any CPU.ActiveCfg = Release|Any CPU
		{272F6196-AB33-461D-8E12-FB1260D6D4C0}.Release|Any CPU.Build.0 = Release|Any CPU
		{F2F0F834-34D8-4609-8306-9C09AF9F773D}.Debug|Any CPU.ActiveCfg = Debug|Any CPU
		{F2F0F834-34D8-4609-8306-9C09AF9F773D}.Debug|Any CPU.Build.0 = Debug|Any CPU
		{F2F0F834-34D8-4609-8306-9C09AF9F773D}.Release|Any CPU.ActiveCfg = Release|Any CPU
		{F2F0F834-34D8-4609-8306-9C09AF9F773D}.Release|Any CPU.Build.0 = Release|Any CPU
		{6E76FA49-5CD3-4C64-B7A8-6BA859EB29A2}.Debug|Any CPU.ActiveCfg = Debug|Any CPU
		{6E76FA49-5CD3-4C64-B7A8-6BA859EB29A2}.Debug|Any CPU.Build.0 = Debug|Any CPU
		{6E76FA49-5CD3-4C64-B7A8-6BA859EB29A2}.Release|Any CPU.ActiveCfg = Release|Any CPU
		{6E76FA49-5CD3-4C64-B7A8-6BA859EB29A2}.Release|Any CPU.Build.0 = Release|Any CPU
		{8B2B7748-4AE3-4B88-BB2C-2E185060C617}.Debug|Any CPU.ActiveCfg = Debug|Any CPU
		{8B2B7748-4AE3-4B88-BB2C-2E185060C617}.Debug|Any CPU.Build.0 = Debug|Any CPU
		{8B2B7748-4AE3-4B88-BB2C-2E185060C617}.Release|Any CPU.ActiveCfg = Release|Any CPU
		{8B2B7748-4AE3-4B88-BB2C-2E185060C617}.Release|Any CPU.Build.0 = Release|Any CPU
		{60704C93-C08E-448C-8179-45D075AD76E8}.Debug|Any CPU.ActiveCfg = Debug|Any CPU
		{60704C93-C08E-448C-8179-45D075AD76E8}.Debug|Any CPU.Build.0 = Debug|Any CPU
		{60704C93-C08E-448C-8179-45D075AD76E8}.Release|Any CPU.ActiveCfg = Release|Any CPU
		{60704C93-C08E-448C-8179-45D075AD76E8}.Release|Any CPU.Build.0 = Release|Any CPU
		{A8A81B88-EB7D-47F3-9D76-25DF1C3B9EA2}.Debug|Any CPU.ActiveCfg = Debug|Any CPU
		{A8A81B88-EB7D-47F3-9D76-25DF1C3B9EA2}.Debug|Any CPU.Build.0 = Debug|Any CPU
		{A8A81B88-EB7D-47F3-9D76-25DF1C3B9EA2}.Release|Any CPU.ActiveCfg = Release|Any CPU
		{A8A81B88-EB7D-47F3-9D76-25DF1C3B9EA2}.Release|Any CPU.Build.0 = Release|Any CPU
		{ABECD575-6B9F-48DE-97CA-0E962259CA10}.Debug|Any CPU.ActiveCfg = Debug|Any CPU
		{ABECD575-6B9F-48DE-97CA-0E962259CA10}.Debug|Any CPU.Build.0 = Debug|Any CPU
		{ABECD575-6B9F-48DE-97CA-0E962259CA10}.Release|Any CPU.ActiveCfg = Release|Any CPU
		{ABECD575-6B9F-48DE-97CA-0E962259CA10}.Release|Any CPU.Build.0 = Release|Any CPU
		{37E75B1E-5D9D-4C8B-B87F-03E629FAE30B}.Debug|Any CPU.ActiveCfg = Debug|Any CPU
		{37E75B1E-5D9D-4C8B-B87F-03E629FAE30B}.Debug|Any CPU.Build.0 = Debug|Any CPU
		{37E75B1E-5D9D-4C8B-B87F-03E629FAE30B}.Release|Any CPU.ActiveCfg = Release|Any CPU
		{37E75B1E-5D9D-4C8B-B87F-03E629FAE30B}.Release|Any CPU.Build.0 = Release|Any CPU
		{A1CD7BD9-A7A6-44D9-838F-210D437582A8}.Debug|Any CPU.ActiveCfg = Debug|Any CPU
		{A1CD7BD9-A7A6-44D9-838F-210D437582A8}.Debug|Any CPU.Build.0 = Debug|Any CPU
		{A1CD7BD9-A7A6-44D9-838F-210D437582A8}.Release|Any CPU.ActiveCfg = Release|Any CPU
		{A1CD7BD9-A7A6-44D9-838F-210D437582A8}.Release|Any CPU.Build.0 = Release|Any CPU
		{60EA51FE-1118-485E-9500-43B5A97B763B}.Debug|Any CPU.ActiveCfg = Debug|Any CPU
		{60EA51FE-1118-485E-9500-43B5A97B763B}.Debug|Any CPU.Build.0 = Debug|Any CPU
		{60EA51FE-1118-485E-9500-43B5A97B763B}.Release|Any CPU.ActiveCfg = Release|Any CPU
		{60EA51FE-1118-485E-9500-43B5A97B763B}.Release|Any CPU.Build.0 = Release|Any CPU
		{D582065C-5A1F-4214-B3EF-94C83A84176C}.Debug|Any CPU.ActiveCfg = Debug|Any CPU
		{D582065C-5A1F-4214-B3EF-94C83A84176C}.Debug|Any CPU.Build.0 = Debug|Any CPU
		{D582065C-5A1F-4214-B3EF-94C83A84176C}.Release|Any CPU.ActiveCfg = Release|Any CPU
		{D582065C-5A1F-4214-B3EF-94C83A84176C}.Release|Any CPU.Build.0 = Release|Any CPU
		{E80EA093-4BFC-4C89-A17F-A6ACB0A6C1D1}.Debug|Any CPU.ActiveCfg = Debug|Any CPU
		{E80EA093-4BFC-4C89-A17F-A6ACB0A6C1D1}.Debug|Any CPU.Build.0 = Debug|Any CPU
		{E80EA093-4BFC-4C89-A17F-A6ACB0A6C1D1}.Release|Any CPU.ActiveCfg = Release|Any CPU
		{E80EA093-4BFC-4C89-A17F-A6ACB0A6C1D1}.Release|Any CPU.Build.0 = Release|Any CPU
		{0321A760-1AD8-486E-A3B0-DC2F090C75A0}.Debug|Any CPU.ActiveCfg = Debug|Any CPU
		{0321A760-1AD8-486E-A3B0-DC2F090C75A0}.Debug|Any CPU.Build.0 = Debug|Any CPU
		{0321A760-1AD8-486E-A3B0-DC2F090C75A0}.Release|Any CPU.ActiveCfg = Release|Any CPU
		{0321A760-1AD8-486E-A3B0-DC2F090C75A0}.Release|Any CPU.Build.0 = Release|Any CPU
		{E16183F8-7602-4995-AE99-24C19271A75B}.Debug|Any CPU.ActiveCfg = Debug|Any CPU
		{E16183F8-7602-4995-AE99-24C19271A75B}.Debug|Any CPU.Build.0 = Debug|Any CPU
		{E16183F8-7602-4995-AE99-24C19271A75B}.Release|Any CPU.ActiveCfg = Release|Any CPU
		{E16183F8-7602-4995-AE99-24C19271A75B}.Release|Any CPU.Build.0 = Release|Any CPU
		{A6F95F72-F3DC-4F65-BCDE-69C07BAB533D}.Debug|Any CPU.ActiveCfg = Debug|Any CPU
		{A6F95F72-F3DC-4F65-BCDE-69C07BAB533D}.Debug|Any CPU.Build.0 = Debug|Any CPU
		{A6F95F72-F3DC-4F65-BCDE-69C07BAB533D}.Release|Any CPU.ActiveCfg = Release|Any CPU
		{A6F95F72-F3DC-4F65-BCDE-69C07BAB533D}.Release|Any CPU.Build.0 = Release|Any CPU
		{0DD63E43-DB5B-4C36-A887-C5A09C77A136}.Debug|Any CPU.ActiveCfg = Debug|Any CPU
		{0DD63E43-DB5B-4C36-A887-C5A09C77A136}.Debug|Any CPU.Build.0 = Debug|Any CPU
		{0DD63E43-DB5B-4C36-A887-C5A09C77A136}.Release|Any CPU.ActiveCfg = Release|Any CPU
		{0DD63E43-DB5B-4C36-A887-C5A09C77A136}.Release|Any CPU.Build.0 = Release|Any CPU
		{12169A76-ABAC-4A91-9B35-268667469008}.Debug|Any CPU.ActiveCfg = Debug|Any CPU
		{12169A76-ABAC-4A91-9B35-268667469008}.Debug|Any CPU.Build.0 = Debug|Any CPU
		{12169A76-ABAC-4A91-9B35-268667469008}.Release|Any CPU.ActiveCfg = Release|Any CPU
		{12169A76-ABAC-4A91-9B35-268667469008}.Release|Any CPU.Build.0 = Release|Any CPU
		{22A13BA9-CFA0-4B0A-8680-0145228CCEB9}.Debug|Any CPU.ActiveCfg = Debug|Any CPU
		{22A13BA9-CFA0-4B0A-8680-0145228CCEB9}.Debug|Any CPU.Build.0 = Debug|Any CPU
		{22A13BA9-CFA0-4B0A-8680-0145228CCEB9}.Release|Any CPU.ActiveCfg = Release|Any CPU
		{22A13BA9-CFA0-4B0A-8680-0145228CCEB9}.Release|Any CPU.Build.0 = Release|Any CPU
		{CEE96E21-9E8A-4C0C-B1B5-3DDC1F1C56A8}.Debug|Any CPU.ActiveCfg = Debug|Any CPU
		{CEE96E21-9E8A-4C0C-B1B5-3DDC1F1C56A8}.Debug|Any CPU.Build.0 = Debug|Any CPU
		{CEE96E21-9E8A-4C0C-B1B5-3DDC1F1C56A8}.Release|Any CPU.ActiveCfg = Release|Any CPU
		{CEE96E21-9E8A-4C0C-B1B5-3DDC1F1C56A8}.Release|Any CPU.Build.0 = Release|Any CPU
		{47833990-9B9F-4262-9E7A-290D2FAECE43}.Debug|Any CPU.ActiveCfg = Debug|Any CPU
		{47833990-9B9F-4262-9E7A-290D2FAECE43}.Debug|Any CPU.Build.0 = Debug|Any CPU
		{47833990-9B9F-4262-9E7A-290D2FAECE43}.Release|Any CPU.ActiveCfg = Release|Any CPU
		{47833990-9B9F-4262-9E7A-290D2FAECE43}.Release|Any CPU.Build.0 = Release|Any CPU
		{F19EFB79-51DF-4D36-9014-F58FB39AC949}.Debug|Any CPU.ActiveCfg = Debug|Any CPU
		{F19EFB79-51DF-4D36-9014-F58FB39AC949}.Debug|Any CPU.Build.0 = Debug|Any CPU
		{F19EFB79-51DF-4D36-9014-F58FB39AC949}.Release|Any CPU.ActiveCfg = Release|Any CPU
		{F19EFB79-51DF-4D36-9014-F58FB39AC949}.Release|Any CPU.Build.0 = Release|Any CPU
		{C3DD5A55-A7DE-48F9-9182-7D6E3473A5B3}.Debug|Any CPU.ActiveCfg = Debug|Any CPU
		{C3DD5A55-A7DE-48F9-9182-7D6E3473A5B3}.Debug|Any CPU.Build.0 = Debug|Any CPU
		{C3DD5A55-A7DE-48F9-9182-7D6E3473A5B3}.Release|Any CPU.ActiveCfg = Release|Any CPU
		{C3DD5A55-A7DE-48F9-9182-7D6E3473A5B3}.Release|Any CPU.Build.0 = Release|Any CPU
		{63CFF9CB-B1A6-4A15-B140-273BC40A15B7}.Debug|Any CPU.ActiveCfg = Debug|Any CPU
		{63CFF9CB-B1A6-4A15-B140-273BC40A15B7}.Debug|Any CPU.Build.0 = Debug|Any CPU
		{63CFF9CB-B1A6-4A15-B140-273BC40A15B7}.Release|Any CPU.ActiveCfg = Release|Any CPU
		{63CFF9CB-B1A6-4A15-B140-273BC40A15B7}.Release|Any CPU.Build.0 = Release|Any CPU
		{126C57B3-7353-458C-B236-60EC784ED1D5}.Debug|Any CPU.ActiveCfg = Debug|Any CPU
		{126C57B3-7353-458C-B236-60EC784ED1D5}.Debug|Any CPU.Build.0 = Debug|Any CPU
		{126C57B3-7353-458C-B236-60EC784ED1D5}.Release|Any CPU.ActiveCfg = Release|Any CPU
		{126C57B3-7353-458C-B236-60EC784ED1D5}.Release|Any CPU.Build.0 = Release|Any CPU
		{35C1F026-3205-43D0-A859-74985C54CE26}.Debug|Any CPU.ActiveCfg = Debug|Any CPU
		{35C1F026-3205-43D0-A859-74985C54CE26}.Debug|Any CPU.Build.0 = Debug|Any CPU
		{35C1F026-3205-43D0-A859-74985C54CE26}.Release|Any CPU.ActiveCfg = Release|Any CPU
		{35C1F026-3205-43D0-A859-74985C54CE26}.Release|Any CPU.Build.0 = Release|Any CPU
		{02284315-900C-4DFD-B12D-DA3161277F32}.Debug|Any CPU.ActiveCfg = Debug|Any CPU
		{02284315-900C-4DFD-B12D-DA3161277F32}.Debug|Any CPU.Build.0 = Debug|Any CPU
		{02284315-900C-4DFD-B12D-DA3161277F32}.Release|Any CPU.ActiveCfg = Release|Any CPU
		{02284315-900C-4DFD-B12D-DA3161277F32}.Release|Any CPU.Build.0 = Release|Any CPU
		{AEF250A9-2105-408D-99F3-AFDEF374EC5C}.Debug|Any CPU.ActiveCfg = Debug|Any CPU
		{AEF250A9-2105-408D-99F3-AFDEF374EC5C}.Debug|Any CPU.Build.0 = Debug|Any CPU
		{AEF250A9-2105-408D-99F3-AFDEF374EC5C}.Release|Any CPU.ActiveCfg = Release|Any CPU
		{AEF250A9-2105-408D-99F3-AFDEF374EC5C}.Release|Any CPU.Build.0 = Release|Any CPU
		{46DD5C48-94FB-44F9-8C20-037313D86C95}.Debug|Any CPU.ActiveCfg = Debug|Any CPU
		{46DD5C48-94FB-44F9-8C20-037313D86C95}.Debug|Any CPU.Build.0 = Debug|Any CPU
		{46DD5C48-94FB-44F9-8C20-037313D86C95}.Release|Any CPU.ActiveCfg = Release|Any CPU
		{46DD5C48-94FB-44F9-8C20-037313D86C95}.Release|Any CPU.Build.0 = Release|Any CPU
		{5525ED0D-9098-4D43-918D-D810A148C2A7}.Debug|Any CPU.ActiveCfg = Debug|Any CPU
		{5525ED0D-9098-4D43-918D-D810A148C2A7}.Debug|Any CPU.Build.0 = Debug|Any CPU
		{5525ED0D-9098-4D43-918D-D810A148C2A7}.Release|Any CPU.ActiveCfg = Release|Any CPU
		{5525ED0D-9098-4D43-918D-D810A148C2A7}.Release|Any CPU.Build.0 = Release|Any CPU
		{819E51B2-F24C-4E0B-AD50-72A0DED131E6}.Debug|Any CPU.ActiveCfg = Debug|Any CPU
		{819E51B2-F24C-4E0B-AD50-72A0DED131E6}.Debug|Any CPU.Build.0 = Debug|Any CPU
		{819E51B2-F24C-4E0B-AD50-72A0DED131E6}.Release|Any CPU.ActiveCfg = Release|Any CPU
		{819E51B2-F24C-4E0B-AD50-72A0DED131E6}.Release|Any CPU.Build.0 = Release|Any CPU
		{EEDAA138-9CEB-4F7B-82F3-0B3E6676523D}.Debug|Any CPU.ActiveCfg = Debug|Any CPU
		{EEDAA138-9CEB-4F7B-82F3-0B3E6676523D}.Debug|Any CPU.Build.0 = Debug|Any CPU
		{EEDAA138-9CEB-4F7B-82F3-0B3E6676523D}.Release|Any CPU.ActiveCfg = Release|Any CPU
		{EEDAA138-9CEB-4F7B-82F3-0B3E6676523D}.Release|Any CPU.Build.0 = Release|Any CPU
	EndGlobalSection
	GlobalSection(SolutionProperties) = preSolution
		HideSolutionNode = FALSE
	EndGlobalSection
	GlobalSection(NestedProjects) = preSolution
		{19D10640-1246-4453-8028-DF611ED778E8} = {17945B3C-5A4C-4279-8022-65ABC606A510}
		{11EC9157-AF6A-45AD-B704-0D4BD5B400F9} = {17945B3C-5A4C-4279-8022-65ABC606A510}
		{1B98DBBD-72CC-4D23-BAEB-996D22E431A1} = {17945B3C-5A4C-4279-8022-65ABC606A510}
		{C0D1C49C-8595-4698-854B-7A42EA69124D} = {17945B3C-5A4C-4279-8022-65ABC606A510}
		{C6871F49-3C12-4461-B4A0-598EFD51D75D} = {17945B3C-5A4C-4279-8022-65ABC606A510}
		{5A17BFD7-C13C-48E6-A04C-D20B049268DD} = {17945B3C-5A4C-4279-8022-65ABC606A510}
		{43821974-5992-471F-8374-6F68109FF6E3} = {17945B3C-5A4C-4279-8022-65ABC606A510}
		{76C3755C-6509-4215-8520-6475A9250B4C} = {17945B3C-5A4C-4279-8022-65ABC606A510}
		{9D328132-7F55-4444-9B25-F3F8529D4E34} = {17945B3C-5A4C-4279-8022-65ABC606A510}
		{9D19DBEA-7447-4C46-AAFD-E25D64784469} = {17945B3C-5A4C-4279-8022-65ABC606A510}
		{91738C86-9A9D-44D9-86C0-67C7CF43FB0D} = {3441EE1D-E3C6-45BE-A020-553816015081}
		{272F6196-AB33-461D-8E12-FB1260D6D4C0} = {3441EE1D-E3C6-45BE-A020-553816015081}
		{F2F0F834-34D8-4609-8306-9C09AF9F773D} = {3441EE1D-E3C6-45BE-A020-553816015081}
		{6E76FA49-5CD3-4C64-B7A8-6BA859EB29A2} = {17945B3C-5A4C-4279-8022-65ABC606A510}
		{8B2B7748-4AE3-4B88-BB2C-2E185060C617} = {3441EE1D-E3C6-45BE-A020-553816015081}
		{60704C93-C08E-448C-8179-45D075AD76E8} = {3441EE1D-E3C6-45BE-A020-553816015081}
		{A8A81B88-EB7D-47F3-9D76-25DF1C3B9EA2} = {3441EE1D-E3C6-45BE-A020-553816015081}
		{ABECD575-6B9F-48DE-97CA-0E962259CA10} = {3441EE1D-E3C6-45BE-A020-553816015081}
		{37E75B1E-5D9D-4C8B-B87F-03E629FAE30B} = {17945B3C-5A4C-4279-8022-65ABC606A510}
		{A1CD7BD9-A7A6-44D9-838F-210D437582A8} = {3441EE1D-E3C6-45BE-A020-553816015081}
		{60EA51FE-1118-485E-9500-43B5A97B763B} = {17945B3C-5A4C-4279-8022-65ABC606A510}
		{D582065C-5A1F-4214-B3EF-94C83A84176C} = {3441EE1D-E3C6-45BE-A020-553816015081}
		{E80EA093-4BFC-4C89-A17F-A6ACB0A6C1D1} = {17945B3C-5A4C-4279-8022-65ABC606A510}
		{0321A760-1AD8-486E-A3B0-DC2F090C75A0} = {17945B3C-5A4C-4279-8022-65ABC606A510}
		{E16183F8-7602-4995-AE99-24C19271A75B} = {3441EE1D-E3C6-45BE-A020-553816015081}
		{A6F95F72-F3DC-4F65-BCDE-69C07BAB533D} = {17945B3C-5A4C-4279-8022-65ABC606A510}
		{0DD63E43-DB5B-4C36-A887-C5A09C77A136} = {17945B3C-5A4C-4279-8022-65ABC606A510}
		{12169A76-ABAC-4A91-9B35-268667469008} = {3441EE1D-E3C6-45BE-A020-553816015081}
		{22A13BA9-CFA0-4B0A-8680-0145228CCEB9} = {3441EE1D-E3C6-45BE-A020-553816015081}
		{CEE96E21-9E8A-4C0C-B1B5-3DDC1F1C56A8} = {17945B3C-5A4C-4279-8022-65ABC606A510}
		{47833990-9B9F-4262-9E7A-290D2FAECE43} = {3441EE1D-E3C6-45BE-A020-553816015081}
		{F19EFB79-51DF-4D36-9014-F58FB39AC949} = {17945B3C-5A4C-4279-8022-65ABC606A510}
		{C3DD5A55-A7DE-48F9-9182-7D6E3473A5B3} = {17945B3C-5A4C-4279-8022-65ABC606A510}
		{63CFF9CB-B1A6-4A15-B140-273BC40A15B7} = {17945B3C-5A4C-4279-8022-65ABC606A510}
		{126C57B3-7353-458C-B236-60EC784ED1D5} = {17945B3C-5A4C-4279-8022-65ABC606A510}
		{35C1F026-3205-43D0-A859-74985C54CE26} = {3441EE1D-E3C6-45BE-A020-553816015081}
		{02284315-900C-4DFD-B12D-DA3161277F32} = {17945B3C-5A4C-4279-8022-65ABC606A510}
		{AEF250A9-2105-408D-99F3-AFDEF374EC5C} = {17945B3C-5A4C-4279-8022-65ABC606A510}
		{46DD5C48-94FB-44F9-8C20-037313D86C95} = {17945B3C-5A4C-4279-8022-65ABC606A510}
		{5525ED0D-9098-4D43-918D-D810A148C2A7} = {17945B3C-5A4C-4279-8022-65ABC606A510}
		{819E51B2-F24C-4E0B-AD50-72A0DED131E6} = {3441EE1D-E3C6-45BE-A020-553816015081}
		{EEDAA138-9CEB-4F7B-82F3-0B3E6676523D} = {17945B3C-5A4C-4279-8022-65ABC606A510}
	EndGlobalSection
	GlobalSection(ExtensibilityGlobals) = postSolution
		SolutionGuid = {50C20C9F-F2AF-45D8-994A-06661772B31C}
	EndGlobalSection
EndGlobal
